// !$*UTF8*$!
{
	archiveVersion = 1;
	classes = {
	};
	objectVersion = 45;
	objects = {

/* Begin PBXBuildFile section */
		6240A63F1216570000840C1B /* CTGradient.h in Headers */ = {isa = PBXBuildFile; fileRef = 6240A5F81216570000840C1B /* CTGradient.h */; };
		6240A6401216570000840C1B /* CTGradient.m in Sources */ = {isa = PBXBuildFile; fileRef = 6240A5F91216570000840C1B /* CTGradient.m */; };
		6240A6411216570000840C1B /* PaintInstance.h in Headers */ = {isa = PBXBuildFile; fileRef = 6240A5FA1216570000840C1B /* PaintInstance.h */; };
		6240A6421216570000840C1B /* PaintInstance.m in Sources */ = {isa = PBXBuildFile; fileRef = 6240A5FB1216570000840C1B /* PaintInstance.m */; };
		6240A6431216570000840C1B /* PouredDroplet.h in Headers */ = {isa = PBXBuildFile; fileRef = 6240A5FC1216570000840C1B /* PouredDroplet.h */; };
		6240A6441216570000840C1B /* PouredDroplet.m in Sources */ = {isa = PBXBuildFile; fileRef = 6240A5FD1216570000840C1B /* PouredDroplet.m */; };
		6240A6451216570000840C1B /* QAbstractContextModifier.h in Headers */ = {isa = PBXBuildFile; fileRef = 6240A5FE1216570000840C1B /* QAbstractContextModifier.h */; };
		6240A6461216570000840C1B /* QAbstractContextModifier.m in Sources */ = {isa = PBXBuildFile; fileRef = 6240A5FF1216570000840C1B /* QAbstractContextModifier.m */; };
		6240A6471216570000840C1B /* QArc.h in Headers */ = {isa = PBXBuildFile; fileRef = 6240A6001216570000840C1B /* QArc.h */; };
		6240A6481216570000840C1B /* QArc.m in Sources */ = {isa = PBXBuildFile; fileRef = 6240A6011216570000840C1B /* QArc.m */; };
		6240A6491216570000840C1B /* QBezierCurve.h in Headers */ = {isa = PBXBuildFile; fileRef = 6240A6021216570000840C1B /* QBezierCurve.h */; };
		6240A64A1216570000840C1B /* QBezierCurve.m in Sources */ = {isa = PBXBuildFile; fileRef = 6240A6031216570000840C1B /* QBezierCurve.m */; };
		6240A64B1216570000840C1B /* QBlendMode.h in Headers */ = {isa = PBXBuildFile; fileRef = 6240A6041216570000840C1B /* QBlendMode.h */; };
		6240A64C1216570000840C1B /* QBlendMode.m in Sources */ = {isa = PBXBuildFile; fileRef = 6240A6051216570000840C1B /* QBlendMode.m */; };
		6240A64D1216570000840C1B /* QBoundedObject.h in Headers */ = {isa = PBXBuildFile; fileRef = 6240A6061216570000840C1B /* QBoundedObject.h */; };
		6240A64E1216570000840C1B /* QColor.h in Headers */ = {isa = PBXBuildFile; fileRef = 6240A6071216570000840C1B /* QColor.h */; };
		6240A64F1216570000840C1B /* QColor.m in Sources */ = {isa = PBXBuildFile; fileRef = 6240A6081216570000840C1B /* QColor.m */; };
		6240A6501216570000840C1B /* QContext.h in Headers */ = {isa = PBXBuildFile; fileRef = 6240A6091216570000840C1B /* QContext.h */; };
		6240A6511216570000840C1B /* QContext.m in Sources */ = {isa = PBXBuildFile; fileRef = 6240A60A1216570000840C1B /* QContext.m */; };
		6240A6521216570000840C1B /* QContextModifier.h in Headers */ = {isa = PBXBuildFile; fileRef = 6240A60B1216570000840C1B /* QContextModifier.h */; };
		6240A6531216570000840C1B /* QEnums.h in Headers */ = {isa = PBXBuildFile; fileRef = 6240A60C1216570000840C1B /* QEnums.h */; };
		6240A6541216570000840C1B /* QFillColor.h in Headers */ = {isa = PBXBuildFile; fileRef = 6240A60D1216570000840C1B /* QFillColor.h */; };
		6240A6551216570000840C1B /* QFillColor.m in Sources */ = {isa = PBXBuildFile; fileRef = 6240A60E1216570000840C1B /* QFillColor.m */; };
		6240A6561216570000840C1B /* QFilledRectangle.h in Headers */ = {isa = PBXBuildFile; fileRef = 6240A60F1216570000840C1B /* QFilledRectangle.h */; };
		6240A6571216570000840C1B /* QFilledRectangle.m in Sources */ = {isa = PBXBuildFile; fileRef = 6240A6101216570000840C1B /* QFilledRectangle.m */; };
		6240A6581216570000840C1B /* QFillPath.h in Headers */ = {isa = PBXBuildFile; fileRef = 6240A6111216570000840C1B /* QFillPath.h */; };
		6240A6591216570000840C1B /* QFillPath.m in Sources */ = {isa = PBXBuildFile; fileRef = 6240A6121216570000840C1B /* QFillPath.m */; };
		6240A65A1216570000840C1B /* QFramework.h in Headers */ = {isa = PBXBuildFile; fileRef = 6240A6131216570000840C1B /* QFramework.h */; };
		6240A65B1216570000840C1B /* QImage.h in Headers */ = {isa = PBXBuildFile; fileRef = 6240A6141216570000840C1B /* QImage.h */; };
		6240A65C1216570000840C1B /* QImage.m in Sources */ = {isa = PBXBuildFile; fileRef = 6240A6151216570000840C1B /* QImage.m */; };
		6240A65D1216570000840C1B /* QJoinCap.h in Headers */ = {isa = PBXBuildFile; fileRef = 6240A6161216570000840C1B /* QJoinCap.h */; };
		6240A65E1216570000840C1B /* QJoinCap.m in Sources */ = {isa = PBXBuildFile; fileRef = 6240A6171216570000840C1B /* QJoinCap.m */; };
		6240A65F1216570000840C1B /* QLine.h in Headers */ = {isa = PBXBuildFile; fileRef = 6240A6181216570000840C1B /* QLine.h */; };
		6240A6601216570000840C1B /* QLine.m in Sources */ = {isa = PBXBuildFile; fileRef = 6240A6191216570000840C1B /* QLine.m */; };
		6240A6611216570000840C1B /* QLineCap.h in Headers */ = {isa = PBXBuildFile; fileRef = 6240A61A1216570000840C1B /* QLineCap.h */; };
		6240A6621216570000840C1B /* QLineCap.m in Sources */ = {isa = PBXBuildFile; fileRef = 6240A61B1216570000840C1B /* QLineCap.m */; };
		6240A6631216570000840C1B /* QModifierQueue.h in Headers */ = {isa = PBXBuildFile; fileRef = 6240A61C1216570000840C1B /* QModifierQueue.h */; };
		6240A6641216570000840C1B /* QModifierQueue.m in Sources */ = {isa = PBXBuildFile; fileRef = 6240A61D1216570000840C1B /* QModifierQueue.m */; };
		6240A6651216570000840C1B /* QMove.h in Headers */ = {isa = PBXBuildFile; fileRef = 6240A61E1216570000840C1B /* QMove.h */; };
		6240A6661216570000840C1B /* QMove.m in Sources */ = {isa = PBXBuildFile; fileRef = 6240A61F1216570000840C1B /* QMove.m */; };
		6240A6671216570000840C1B /* QPoint.h in Headers */ = {isa = PBXBuildFile; fileRef = 6240A6201216570000840C1B /* QPoint.h */; };
		6240A6681216570000840C1B /* QPoint.m in Sources */ = {isa = PBXBuildFile; fileRef = 6240A6211216570000840C1B /* QPoint.m */; };
		6240A6691216570000840C1B /* QRectangle.h in Headers */ = {isa = PBXBuildFile; fileRef = 6240A6221216570000840C1B /* QRectangle.h */; };
		6240A66A1216570000840C1B /* QRectangle.m in Sources */ = {isa = PBXBuildFile; fileRef = 6240A6231216570000840C1B /* QRectangle.m */; };
		6240A66B1216570000840C1B /* QRestoreContext.h in Headers */ = {isa = PBXBuildFile; fileRef = 6240A6241216570000840C1B /* QRestoreContext.h */; };
		6240A66C1216570000840C1B /* QRestoreContext.m in Sources */ = {isa = PBXBuildFile; fileRef = 6240A6251216570000840C1B /* QRestoreContext.m */; };
		6240A66D1216570000840C1B /* QSaveContext.h in Headers */ = {isa = PBXBuildFile; fileRef = 6240A6261216570000840C1B /* QSaveContext.h */; };
		6240A66E1216570000840C1B /* QSaveContext.m in Sources */ = {isa = PBXBuildFile; fileRef = 6240A6271216570000840C1B /* QSaveContext.m */; };
		6240A66F1216570000840C1B /* QShadow.h in Headers */ = {isa = PBXBuildFile; fileRef = 6240A6281216570000840C1B /* QShadow.h */; };
		6240A6701216570000840C1B /* QShadow.m in Sources */ = {isa = PBXBuildFile; fileRef = 6240A6291216570000840C1B /* QShadow.m */; };
		6240A6711216570000840C1B /* QShape.h in Headers */ = {isa = PBXBuildFile; fileRef = 6240A62A1216570000840C1B /* QShape.h */; };
		6240A6721216570000840C1B /* QShape.m in Sources */ = {isa = PBXBuildFile; fileRef = 6240A62B1216570000840C1B /* QShape.m */; };
		6240A6731216570000840C1B /* QStrokeColor.h in Headers */ = {isa = PBXBuildFile; fileRef = 6240A62C1216570000840C1B /* QStrokeColor.h */; };
		6240A6741216570000840C1B /* QStrokeColor.m in Sources */ = {isa = PBXBuildFile; fileRef = 6240A62D1216570000840C1B /* QStrokeColor.m */; };
		6240A6751216570000840C1B /* QStrokedRectangle.h in Headers */ = {isa = PBXBuildFile; fileRef = 6240A62E1216570000840C1B /* QStrokedRectangle.h */; };
		6240A6761216570000840C1B /* QStrokedRectangle.m in Sources */ = {isa = PBXBuildFile; fileRef = 6240A62F1216570000840C1B /* QStrokedRectangle.m */; };
		6240A6771216570000840C1B /* QStrokePath.h in Headers */ = {isa = PBXBuildFile; fileRef = 6240A6301216570000840C1B /* QStrokePath.h */; };
		6240A6781216570000840C1B /* QStrokePath.m in Sources */ = {isa = PBXBuildFile; fileRef = 6240A6311216570000840C1B /* QStrokePath.m */; };
		6240A6791216570000840C1B /* QStrokeWidth.h in Headers */ = {isa = PBXBuildFile; fileRef = 6240A6321216570000840C1B /* QStrokeWidth.h */; };
		6240A67A1216570000840C1B /* QStrokeWidth.m in Sources */ = {isa = PBXBuildFile; fileRef = 6240A6331216570000840C1B /* QStrokeWidth.m */; };
		6240A67B1216570000840C1B /* QTestYinYang.h in Headers */ = {isa = PBXBuildFile; fileRef = 6240A6341216570000840C1B /* QTestYinYang.h */; };
		6240A67C1216570000840C1B /* QTestYinYang.m in Sources */ = {isa = PBXBuildFile; fileRef = 6240A6351216570000840C1B /* QTestYinYang.m */; };
		6240A67D1216570000840C1B /* QuartzCocoaLib.h in Headers */ = {isa = PBXBuildFile; fileRef = 6240A6361216570000840C1B /* QuartzCocoaLib.h */; };
		6240A67E1216570000840C1B /* QuartzCocoaLibExt.h in Headers */ = {isa = PBXBuildFile; fileRef = 6240A6371216570000840C1B /* QuartzCocoaLibExt.h */; };
		6240A67F1216570000840C1B /* QuartzCocoaLibTouch_Prefix.pch in Headers */ = {isa = PBXBuildFile; fileRef = 6240A6381216570000840C1B /* QuartzCocoaLibTouch_Prefix.pch */; };
		6240A6801216570000840C1B /* QVisitor.h in Headers */ = {isa = PBXBuildFile; fileRef = 6240A6391216570000840C1B /* QVisitor.h */; };
		6240A6811216570000840C1B /* README in Resources */ = {isa = PBXBuildFile; fileRef = 6240A63A1216570000840C1B /* README */; };
		6240A6841216570000840C1B /* Vector2D.h in Headers */ = {isa = PBXBuildFile; fileRef = 6240A63D1216570000840C1B /* Vector2D.h */; };
		6240A6851216570000840C1B /* Vector2D.m in Sources */ = {isa = PBXBuildFile; fileRef = 6240A63E1216570000840C1B /* Vector2D.m */; };
		8DC2EF530486A6940098B216 /* InfoPlist.strings in Resources */ = {isa = PBXBuildFile; fileRef = 089C1666FE841158C02AAC07 /* InfoPlist.strings */; };
		8DC2EF570486A6940098B216 /* Cocoa.framework in Frameworks */ = {isa = PBXBuildFile; fileRef = 1058C7B1FEA5585E11CA2CBB /* Cocoa.framework */; };
/* End PBXBuildFile section */

/* Begin PBXFileReference section */
		0867D69BFE84028FC02AAC07 /* Foundation.framework */ = {isa = PBXFileReference; lastKnownFileType = wrapper.framework; name = Foundation.framework; path = /System/Library/Frameworks/Foundation.framework; sourceTree = "<absolute>"; };
		0867D6A5FE840307C02AAC07 /* AppKit.framework */ = {isa = PBXFileReference; lastKnownFileType = wrapper.framework; name = AppKit.framework; path = /System/Library/Frameworks/AppKit.framework; sourceTree = "<absolute>"; };
		089C1667FE841158C02AAC07 /* English */ = {isa = PBXFileReference; fileEncoding = 4; lastKnownFileType = text.plist.strings; name = English; path = English.lproj/InfoPlist.strings; sourceTree = "<group>"; };
		1058C7B1FEA5585E11CA2CBB /* Cocoa.framework */ = {isa = PBXFileReference; lastKnownFileType = wrapper.framework; name = Cocoa.framework; path = /System/Library/Frameworks/Cocoa.framework; sourceTree = "<absolute>"; };
		32DBCF5E0370ADEE00C91783 /* QuartzCocoaLib_Prefix.pch */ = {isa = PBXFileReference; fileEncoding = 4; lastKnownFileType = sourcecode.c.h; path = QuartzCocoaLib_Prefix.pch; sourceTree = "<group>"; };
		6240A5F81216570000840C1B /* CTGradient.h */ = {isa = PBXFileReference; fileEncoding = 4; lastKnownFileType = sourcecode.c.h; path = CTGradient.h; sourceTree = "<group>"; };
		6240A5F91216570000840C1B /* CTGradient.m */ = {isa = PBXFileReference; fileEncoding = 4; lastKnownFileType = sourcecode.c.objc; path = CTGradient.m; sourceTree = "<group>"; };
		6240A5FA1216570000840C1B /* PaintInstance.h */ = {isa = PBXFileReference; fileEncoding = 4; lastKnownFileType = sourcecode.c.h; path = PaintInstance.h; sourceTree = "<group>"; };
		6240A5FB1216570000840C1B /* PaintInstance.m */ = {isa = PBXFileReference; fileEncoding = 4; lastKnownFileType = sourcecode.c.objc; path = PaintInstance.m; sourceTree = "<group>"; };
		6240A5FC1216570000840C1B /* PouredDroplet.h */ = {isa = PBXFileReference; fileEncoding = 4; lastKnownFileType = sourcecode.c.h; path = PouredDroplet.h; sourceTree = "<group>"; };
		6240A5FD1216570000840C1B /* PouredDroplet.m */ = {isa = PBXFileReference; fileEncoding = 4; lastKnownFileType = sourcecode.c.objc; path = PouredDroplet.m; sourceTree = "<group>"; };
		6240A5FE1216570000840C1B /* QAbstractContextModifier.h */ = {isa = PBXFileReference; fileEncoding = 4; lastKnownFileType = sourcecode.c.h; path = QAbstractContextModifier.h; sourceTree = "<group>"; };
		6240A5FF1216570000840C1B /* QAbstractContextModifier.m */ = {isa = PBXFileReference; fileEncoding = 4; lastKnownFileType = sourcecode.c.objc; path = QAbstractContextModifier.m; sourceTree = "<group>"; };
		6240A6001216570000840C1B /* QArc.h */ = {isa = PBXFileReference; fileEncoding = 4; lastKnownFileType = sourcecode.c.h; path = QArc.h; sourceTree = "<group>"; };
		6240A6011216570000840C1B /* QArc.m */ = {isa = PBXFileReference; fileEncoding = 4; lastKnownFileType = sourcecode.c.objc; path = QArc.m; sourceTree = "<group>"; };
		6240A6021216570000840C1B /* QBezierCurve.h */ = {isa = PBXFileReference; fileEncoding = 4; lastKnownFileType = sourcecode.c.h; path = QBezierCurve.h; sourceTree = "<group>"; };
		6240A6031216570000840C1B /* QBezierCurve.m */ = {isa = PBXFileReference; fileEncoding = 4; lastKnownFileType = sourcecode.c.objc; path = QBezierCurve.m; sourceTree = "<group>"; };
		6240A6041216570000840C1B /* QBlendMode.h */ = {isa = PBXFileReference; fileEncoding = 4; lastKnownFileType = sourcecode.c.h; path = QBlendMode.h; sourceTree = "<group>"; };
		6240A6051216570000840C1B /* QBlendMode.m */ = {isa = PBXFileReference; fileEncoding = 4; lastKnownFileType = sourcecode.c.objc; path = QBlendMode.m; sourceTree = "<group>"; };
		6240A6061216570000840C1B /* QBoundedObject.h */ = {isa = PBXFileReference; fileEncoding = 4; lastKnownFileType = sourcecode.c.h; path = QBoundedObject.h; sourceTree = "<group>"; };
		6240A6071216570000840C1B /* QColor.h */ = {isa = PBXFileReference; fileEncoding = 4; lastKnownFileType = sourcecode.c.h; path = QColor.h; sourceTree = "<group>"; };
		6240A6081216570000840C1B /* QColor.m */ = {isa = PBXFileReference; fileEncoding = 4; lastKnownFileType = sourcecode.c.objc; path = QColor.m; sourceTree = "<group>"; };
		6240A6091216570000840C1B /* QContext.h */ = {isa = PBXFileReference; fileEncoding = 4; lastKnownFileType = sourcecode.c.h; path = QContext.h; sourceTree = "<group>"; };
		6240A60A1216570000840C1B /* QContext.m */ = {isa = PBXFileReference; fileEncoding = 4; lastKnownFileType = sourcecode.c.objc; path = QContext.m; sourceTree = "<group>"; };
		6240A60B1216570000840C1B /* QContextModifier.h */ = {isa = PBXFileReference; fileEncoding = 4; lastKnownFileType = sourcecode.c.h; path = QContextModifier.h; sourceTree = "<group>"; };
		6240A60C1216570000840C1B /* QEnums.h */ = {isa = PBXFileReference; fileEncoding = 4; lastKnownFileType = sourcecode.c.h; path = QEnums.h; sourceTree = "<group>"; };
		6240A60D1216570000840C1B /* QFillColor.h */ = {isa = PBXFileReference; fileEncoding = 4; lastKnownFileType = sourcecode.c.h; path = QFillColor.h; sourceTree = "<group>"; };
		6240A60E1216570000840C1B /* QFillColor.m */ = {isa = PBXFileReference; fileEncoding = 4; lastKnownFileType = sourcecode.c.objc; path = QFillColor.m; sourceTree = "<group>"; };
		6240A60F1216570000840C1B /* QFilledRectangle.h */ = {isa = PBXFileReference; fileEncoding = 4; lastKnownFileType = sourcecode.c.h; path = QFilledRectangle.h; sourceTree = "<group>"; };
		6240A6101216570000840C1B /* QFilledRectangle.m */ = {isa = PBXFileReference; fileEncoding = 4; lastKnownFileType = sourcecode.c.objc; path = QFilledRectangle.m; sourceTree = "<group>"; };
		6240A6111216570000840C1B /* QFillPath.h */ = {isa = PBXFileReference; fileEncoding = 4; lastKnownFileType = sourcecode.c.h; path = QFillPath.h; sourceTree = "<group>"; };
		6240A6121216570000840C1B /* QFillPath.m */ = {isa = PBXFileReference; fileEncoding = 4; lastKnownFileType = sourcecode.c.objc; path = QFillPath.m; sourceTree = "<group>"; };
		6240A6131216570000840C1B /* QFramework.h */ = {isa = PBXFileReference; fileEncoding = 4; lastKnownFileType = sourcecode.c.h; path = QFramework.h; sourceTree = "<group>"; };
		6240A6141216570000840C1B /* QImage.h */ = {isa = PBXFileReference; fileEncoding = 4; lastKnownFileType = sourcecode.c.h; path = QImage.h; sourceTree = "<group>"; };
		6240A6151216570000840C1B /* QImage.m */ = {isa = PBXFileReference; fileEncoding = 4; lastKnownFileType = sourcecode.c.objc; path = QImage.m; sourceTree = "<group>"; };
		6240A6161216570000840C1B /* QJoinCap.h */ = {isa = PBXFileReference; fileEncoding = 4; lastKnownFileType = sourcecode.c.h; path = QJoinCap.h; sourceTree = "<group>"; };
		6240A6171216570000840C1B /* QJoinCap.m */ = {isa = PBXFileReference; fileEncoding = 4; lastKnownFileType = sourcecode.c.objc; path = QJoinCap.m; sourceTree = "<group>"; };
		6240A6181216570000840C1B /* QLine.h */ = {isa = PBXFileReference; fileEncoding = 4; lastKnownFileType = sourcecode.c.h; path = QLine.h; sourceTree = "<group>"; };
		6240A6191216570000840C1B /* QLine.m */ = {isa = PBXFileReference; fileEncoding = 4; lastKnownFileType = sourcecode.c.objc; path = QLine.m; sourceTree = "<group>"; };
		6240A61A1216570000840C1B /* QLineCap.h */ = {isa = PBXFileReference; fileEncoding = 4; lastKnownFileType = sourcecode.c.h; path = QLineCap.h; sourceTree = "<group>"; };
		6240A61B1216570000840C1B /* QLineCap.m */ = {isa = PBXFileReference; fileEncoding = 4; lastKnownFileType = sourcecode.c.objc; path = QLineCap.m; sourceTree = "<group>"; };
		6240A61C1216570000840C1B /* QModifierQueue.h */ = {isa = PBXFileReference; fileEncoding = 4; lastKnownFileType = sourcecode.c.h; path = QModifierQueue.h; sourceTree = "<group>"; };
		6240A61D1216570000840C1B /* QModifierQueue.m */ = {isa = PBXFileReference; fileEncoding = 4; lastKnownFileType = sourcecode.c.objc; path = QModifierQueue.m; sourceTree = "<group>"; };
		6240A61E1216570000840C1B /* QMove.h */ = {isa = PBXFileReference; fileEncoding = 4; lastKnownFileType = sourcecode.c.h; path = QMove.h; sourceTree = "<group>"; };
		6240A61F1216570000840C1B /* QMove.m */ = {isa = PBXFileReference; fileEncoding = 4; lastKnownFileType = sourcecode.c.objc; path = QMove.m; sourceTree = "<group>"; };
		6240A6201216570000840C1B /* QPoint.h */ = {isa = PBXFileReference; fileEncoding = 4; lastKnownFileType = sourcecode.c.h; path = QPoint.h; sourceTree = "<group>"; };
		6240A6211216570000840C1B /* QPoint.m */ = {isa = PBXFileReference; fileEncoding = 4; lastKnownFileType = sourcecode.c.objc; path = QPoint.m; sourceTree = "<group>"; };
		6240A6221216570000840C1B /* QRectangle.h */ = {isa = PBXFileReference; fileEncoding = 4; lastKnownFileType = sourcecode.c.h; path = QRectangle.h; sourceTree = "<group>"; };
		6240A6231216570000840C1B /* QRectangle.m */ = {isa = PBXFileReference; fileEncoding = 4; lastKnownFileType = sourcecode.c.objc; path = QRectangle.m; sourceTree = "<group>"; };
		6240A6241216570000840C1B /* QRestoreContext.h */ = {isa = PBXFileReference; fileEncoding = 4; lastKnownFileType = sourcecode.c.h; path = QRestoreContext.h; sourceTree = "<group>"; };
		6240A6251216570000840C1B /* QRestoreContext.m */ = {isa = PBXFileReference; fileEncoding = 4; lastKnownFileType = sourcecode.c.objc; path = QRestoreContext.m; sourceTree = "<group>"; };
		6240A6261216570000840C1B /* QSaveContext.h */ = {isa = PBXFileReference; fileEncoding = 4; lastKnownFileType = sourcecode.c.h; path = QSaveContext.h; sourceTree = "<group>"; };
		6240A6271216570000840C1B /* QSaveContext.m */ = {isa = PBXFileReference; fileEncoding = 4; lastKnownFileType = sourcecode.c.objc; path = QSaveContext.m; sourceTree = "<group>"; };
		6240A6281216570000840C1B /* QShadow.h */ = {isa = PBXFileReference; fileEncoding = 4; lastKnownFileType = sourcecode.c.h; path = QShadow.h; sourceTree = "<group>"; };
		6240A6291216570000840C1B /* QShadow.m */ = {isa = PBXFileReference; fileEncoding = 4; lastKnownFileType = sourcecode.c.objc; path = QShadow.m; sourceTree = "<group>"; };
		6240A62A1216570000840C1B /* QShape.h */ = {isa = PBXFileReference; fileEncoding = 4; lastKnownFileType = sourcecode.c.h; path = QShape.h; sourceTree = "<group>"; };
		6240A62B1216570000840C1B /* QShape.m */ = {isa = PBXFileReference; fileEncoding = 4; lastKnownFileType = sourcecode.c.objc; path = QShape.m; sourceTree = "<group>"; };
		6240A62C1216570000840C1B /* QStrokeColor.h */ = {isa = PBXFileReference; fileEncoding = 4; lastKnownFileType = sourcecode.c.h; path = QStrokeColor.h; sourceTree = "<group>"; };
		6240A62D1216570000840C1B /* QStrokeColor.m */ = {isa = PBXFileReference; fileEncoding = 4; lastKnownFileType = sourcecode.c.objc; path = QStrokeColor.m; sourceTree = "<group>"; };
		6240A62E1216570000840C1B /* QStrokedRectangle.h */ = {isa = PBXFileReference; fileEncoding = 4; lastKnownFileType = sourcecode.c.h; path = QStrokedRectangle.h; sourceTree = "<group>"; };
		6240A62F1216570000840C1B /* QStrokedRectangle.m */ = {isa = PBXFileReference; fileEncoding = 4; lastKnownFileType = sourcecode.c.objc; path = QStrokedRectangle.m; sourceTree = "<group>"; };
		6240A6301216570000840C1B /* QStrokePath.h */ = {isa = PBXFileReference; fileEncoding = 4; lastKnownFileType = sourcecode.c.h; path = QStrokePath.h; sourceTree = "<group>"; };
		6240A6311216570000840C1B /* QStrokePath.m */ = {isa = PBXFileReference; fileEncoding = 4; lastKnownFileType = sourcecode.c.objc; path = QStrokePath.m; sourceTree = "<group>"; };
		6240A6321216570000840C1B /* QStrokeWidth.h */ = {isa = PBXFileReference; fileEncoding = 4; lastKnownFileType = sourcecode.c.h; path = QStrokeWidth.h; sourceTree = "<group>"; };
		6240A6331216570000840C1B /* QStrokeWidth.m */ = {isa = PBXFileReference; fileEncoding = 4; lastKnownFileType = sourcecode.c.objc; path = QStrokeWidth.m; sourceTree = "<group>"; };
		6240A6341216570000840C1B /* QTestYinYang.h */ = {isa = PBXFileReference; fileEncoding = 4; lastKnownFileType = sourcecode.c.h; path = QTestYinYang.h; sourceTree = "<group>"; };
		6240A6351216570000840C1B /* QTestYinYang.m */ = {isa = PBXFileReference; fileEncoding = 4; lastKnownFileType = sourcecode.c.objc; path = QTestYinYang.m; sourceTree = "<group>"; };
		6240A6361216570000840C1B /* QuartzCocoaLib.h */ = {isa = PBXFileReference; fileEncoding = 4; lastKnownFileType = sourcecode.c.h; path = QuartzCocoaLib.h; sourceTree = "<group>"; };
		6240A6371216570000840C1B /* QuartzCocoaLibExt.h */ = {isa = PBXFileReference; fileEncoding = 4; lastKnownFileType = sourcecode.c.h; path = QuartzCocoaLibExt.h; sourceTree = "<group>"; };
		6240A6381216570000840C1B /* QuartzCocoaLibTouch_Prefix.pch */ = {isa = PBXFileReference; fileEncoding = 4; lastKnownFileType = sourcecode.c.h; path = QuartzCocoaLibTouch_Prefix.pch; sourceTree = "<group>"; };
		6240A6391216570000840C1B /* QVisitor.h */ = {isa = PBXFileReference; fileEncoding = 4; lastKnownFileType = sourcecode.c.h; path = QVisitor.h; sourceTree = "<group>"; };
		6240A63A1216570000840C1B /* README */ = {isa = PBXFileReference; fileEncoding = 4; lastKnownFileType = text; path = README; sourceTree = "<group>"; };
		6240A63D1216570000840C1B /* Vector2D.h */ = {isa = PBXFileReference; fileEncoding = 4; lastKnownFileType = sourcecode.c.h; path = Vector2D.h; sourceTree = "<group>"; };
		6240A63E1216570000840C1B /* Vector2D.m */ = {isa = PBXFileReference; fileEncoding = 4; lastKnownFileType = sourcecode.c.objc; path = Vector2D.m; sourceTree = "<group>"; };
		8DC2EF5A0486A6940098B216 /* Info.plist */ = {isa = PBXFileReference; fileEncoding = 4; lastKnownFileType = text.plist.xml; path = Info.plist; sourceTree = "<group>"; };
		8DC2EF5B0486A6940098B216 /* QuartzCocoaLib.framework */ = {isa = PBXFileReference; explicitFileType = wrapper.framework; includeInIndex = 0; path = QuartzCocoaLib.framework; sourceTree = BUILT_PRODUCTS_DIR; };
		D2F7E79907B2D74100F64583 /* CoreData.framework */ = {isa = PBXFileReference; lastKnownFileType = wrapper.framework; name = CoreData.framework; path = /System/Library/Frameworks/CoreData.framework; sourceTree = "<absolute>"; };
/* End PBXFileReference section */

/* Begin PBXFrameworksBuildPhase section */
		8DC2EF560486A6940098B216 /* Frameworks */ = {
			isa = PBXFrameworksBuildPhase;
			buildActionMask = 2147483647;
			files = (
				8DC2EF570486A6940098B216 /* Cocoa.framework in Frameworks */,
			);
			runOnlyForDeploymentPostprocessing = 0;
		};
/* End PBXFrameworksBuildPhase section */

/* Begin PBXGroup section */
		034768DFFF38A50411DB9C8B /* Products */ = {
			isa = PBXGroup;
			children = (
				8DC2EF5B0486A6940098B216 /* QuartzCocoaLib.framework */,
			);
			name = Products;
			sourceTree = "<group>";
		};
		0867D691FE84028FC02AAC07 /* QuartzCocoaLib */ = {
			isa = PBXGroup;
			children = (
				08FB77AEFE84172EC02AAC07 /* Classes */,
				32C88DFF0371C24200C91783 /* Other Sources */,
				089C1665FE841158C02AAC07 /* Resources */,
				0867D69AFE84028FC02AAC07 /* External Frameworks and Libraries */,
				034768DFFF38A50411DB9C8B /* Products */,
			);
			name = QuartzCocoaLib;
			sourceTree = "<group>";
		};
		0867D69AFE84028FC02AAC07 /* External Frameworks and Libraries */ = {
			isa = PBXGroup;
			children = (
				1058C7B0FEA5585E11CA2CBB /* Linked Frameworks */,
				1058C7B2FEA5585E11CA2CBB /* Other Frameworks */,
			);
			name = "External Frameworks and Libraries";
			sourceTree = "<group>";
		};
		089C1665FE841158C02AAC07 /* Resources */ = {
			isa = PBXGroup;
			children = (
				8DC2EF5A0486A6940098B216 /* Info.plist */,
				089C1666FE841158C02AAC07 /* InfoPlist.strings */,
			);
			name = Resources;
			sourceTree = "<group>";
		};
		08FB77AEFE84172EC02AAC07 /* Classes */ = {
			isa = PBXGroup;
			children = (
				6240A6CC1216593900840C1B /* TestShapes */,
				6240A6CB1216593400840C1B /* Extensions */,
				6240A6CA1216592C00840C1B /* Categories */,
				6240A5F81216570000840C1B /* CTGradient.h */,
				6240A5F91216570000840C1B /* CTGradient.m */,
				6240A5FE1216570000840C1B /* QAbstractContextModifier.h */,
				6240A5FF1216570000840C1B /* QAbstractContextModifier.m */,
				6240A6001216570000840C1B /* QArc.h */,
				6240A6011216570000840C1B /* QArc.m */,
				6240A6021216570000840C1B /* QBezierCurve.h */,
				6240A6031216570000840C1B /* QBezierCurve.m */,
				6240A6041216570000840C1B /* QBlendMode.h */,
				6240A6051216570000840C1B /* QBlendMode.m */,
				6240A6061216570000840C1B /* QBoundedObject.h */,
				6240A6071216570000840C1B /* QColor.h */,
				6240A6081216570000840C1B /* QColor.m */,
				6240A6091216570000840C1B /* QContext.h */,
				6240A60A1216570000840C1B /* QContext.m */,
				6240A60B1216570000840C1B /* QContextModifier.h */,
				6240A60C1216570000840C1B /* QEnums.h */,
				6240A60D1216570000840C1B /* QFillColor.h */,
				6240A60E1216570000840C1B /* QFillColor.m */,
				6240A60F1216570000840C1B /* QFilledRectangle.h */,
				6240A6101216570000840C1B /* QFilledRectangle.m */,
				6240A6111216570000840C1B /* QFillPath.h */,
				6240A6121216570000840C1B /* QFillPath.m */,
				6240A6131216570000840C1B /* QFramework.h */,
				6240A6141216570000840C1B /* QImage.h */,
				6240A6151216570000840C1B /* QImage.m */,
				6240A6161216570000840C1B /* QJoinCap.h */,
				6240A6171216570000840C1B /* QJoinCap.m */,
				6240A6181216570000840C1B /* QLine.h */,
				6240A6191216570000840C1B /* QLine.m */,
				6240A61A1216570000840C1B /* QLineCap.h */,
				6240A61B1216570000840C1B /* QLineCap.m */,
				6240A61C1216570000840C1B /* QModifierQueue.h */,
				6240A61D1216570000840C1B /* QModifierQueue.m */,
				6240A61E1216570000840C1B /* QMove.h */,
				6240A61F1216570000840C1B /* QMove.m */,
				6240A6201216570000840C1B /* QPoint.h */,
				6240A6211216570000840C1B /* QPoint.m */,
				6240A6221216570000840C1B /* QRectangle.h */,
				6240A6231216570000840C1B /* QRectangle.m */,
				6240A6241216570000840C1B /* QRestoreContext.h */,
				6240A6251216570000840C1B /* QRestoreContext.m */,
				6240A6261216570000840C1B /* QSaveContext.h */,
				6240A6271216570000840C1B /* QSaveContext.m */,
				6240A6281216570000840C1B /* QShadow.h */,
				6240A6291216570000840C1B /* QShadow.m */,
				6240A62A1216570000840C1B /* QShape.h */,
				6240A62B1216570000840C1B /* QShape.m */,
				6240A62C1216570000840C1B /* QStrokeColor.h */,
				6240A62D1216570000840C1B /* QStrokeColor.m */,
				6240A62E1216570000840C1B /* QStrokedRectangle.h */,
				6240A62F1216570000840C1B /* QStrokedRectangle.m */,
				6240A6301216570000840C1B /* QStrokePath.h */,
				6240A6311216570000840C1B /* QStrokePath.m */,
				6240A6321216570000840C1B /* QStrokeWidth.h */,
				6240A6331216570000840C1B /* QStrokeWidth.m */,
				6240A6361216570000840C1B /* QuartzCocoaLib.h */,
				6240A6381216570000840C1B /* QuartzCocoaLibTouch_Prefix.pch */,
				6240A6391216570000840C1B /* QVisitor.h */,
				6240A63A1216570000840C1B /* README */,
			);
			name = Classes;
			sourceTree = "<group>";
		};
		1058C7B0FEA5585E11CA2CBB /* Linked Frameworks */ = {
			isa = PBXGroup;
			children = (
				1058C7B1FEA5585E11CA2CBB /* Cocoa.framework */,
			);
			name = "Linked Frameworks";
			sourceTree = "<group>";
		};
		1058C7B2FEA5585E11CA2CBB /* Other Frameworks */ = {
			isa = PBXGroup;
			children = (
				0867D6A5FE840307C02AAC07 /* AppKit.framework */,
				D2F7E79907B2D74100F64583 /* CoreData.framework */,
				0867D69BFE84028FC02AAC07 /* Foundation.framework */,
			);
			name = "Other Frameworks";
			sourceTree = "<group>";
		};
		32C88DFF0371C24200C91783 /* Other Sources */ = {
			isa = PBXGroup;
			children = (
				32DBCF5E0370ADEE00C91783 /* QuartzCocoaLib_Prefix.pch */,
			);
			name = "Other Sources";
			sourceTree = "<group>";
		};
		6240A6CA1216592C00840C1B /* Categories */ = {
			isa = PBXGroup;
			children = (
			);
			name = Categories;
			sourceTree = "<group>";
		};
		6240A6CB1216593400840C1B /* Extensions */ = {
			isa = PBXGroup;
			children = (
				6240A6371216570000840C1B /* QuartzCocoaLibExt.h */,
				6240A63D1216570000840C1B /* Vector2D.h */,
				6240A63E1216570000840C1B /* Vector2D.m */,
				6240A5FC1216570000840C1B /* PouredDroplet.h */,
				6240A5FD1216570000840C1B /* PouredDroplet.m */,
				6240A5FA1216570000840C1B /* PaintInstance.h */,
				6240A5FB1216570000840C1B /* PaintInstance.m */,
			);
			name = Extensions;
			sourceTree = "<group>";
		};
		6240A6CC1216593900840C1B /* TestShapes */ = {
			isa = PBXGroup;
			children = (
				6240A6341216570000840C1B /* QTestYinYang.h */,
				6240A6351216570000840C1B /* QTestYinYang.m */,
			);
			name = TestShapes;
			sourceTree = "<group>";
		};
/* End PBXGroup section */

/* Begin PBXHeadersBuildPhase section */
		8DC2EF500486A6940098B216 /* Headers */ = {
			isa = PBXHeadersBuildPhase;
			buildActionMask = 2147483647;
			files = (
				6240A63F1216570000840C1B /* CTGradient.h in Headers */,
				6240A6411216570000840C1B /* PaintInstance.h in Headers */,
				6240A6431216570000840C1B /* PouredDroplet.h in Headers */,
				6240A6451216570000840C1B /* QAbstractContextModifier.h in Headers */,
				6240A6471216570000840C1B /* QArc.h in Headers */,
				6240A6491216570000840C1B /* QBezierCurve.h in Headers */,
				6240A64B1216570000840C1B /* QBlendMode.h in Headers */,
				6240A64D1216570000840C1B /* QBoundedObject.h in Headers */,
				6240A64E1216570000840C1B /* QColor.h in Headers */,
				6240A6501216570000840C1B /* QContext.h in Headers */,
				6240A6521216570000840C1B /* QContextModifier.h in Headers */,
				6240A6531216570000840C1B /* QEnums.h in Headers */,
				6240A6541216570000840C1B /* QFillColor.h in Headers */,
				6240A6561216570000840C1B /* QFilledRectangle.h in Headers */,
				6240A6581216570000840C1B /* QFillPath.h in Headers */,
				6240A65A1216570000840C1B /* QFramework.h in Headers */,
				6240A65B1216570000840C1B /* QImage.h in Headers */,
				6240A65D1216570000840C1B /* QJoinCap.h in Headers */,
				6240A65F1216570000840C1B /* QLine.h in Headers */,
				6240A6611216570000840C1B /* QLineCap.h in Headers */,
				6240A6631216570000840C1B /* QModifierQueue.h in Headers */,
				6240A6651216570000840C1B /* QMove.h in Headers */,
				6240A6671216570000840C1B /* QPoint.h in Headers */,
				6240A6691216570000840C1B /* QRectangle.h in Headers */,
				6240A66B1216570000840C1B /* QRestoreContext.h in Headers */,
				6240A66D1216570000840C1B /* QSaveContext.h in Headers */,
				6240A66F1216570000840C1B /* QShadow.h in Headers */,
				6240A6711216570000840C1B /* QShape.h in Headers */,
				6240A6731216570000840C1B /* QStrokeColor.h in Headers */,
				6240A6751216570000840C1B /* QStrokedRectangle.h in Headers */,
				6240A6771216570000840C1B /* QStrokePath.h in Headers */,
				6240A6791216570000840C1B /* QStrokeWidth.h in Headers */,
				6240A67B1216570000840C1B /* QTestYinYang.h in Headers */,
				6240A67D1216570000840C1B /* QuartzCocoaLib.h in Headers */,
				6240A67E1216570000840C1B /* QuartzCocoaLibExt.h in Headers */,
				6240A67F1216570000840C1B /* QuartzCocoaLibTouch_Prefix.pch in Headers */,
				6240A6801216570000840C1B /* QVisitor.h in Headers */,
				6240A6841216570000840C1B /* Vector2D.h in Headers */,
			);
			runOnlyForDeploymentPostprocessing = 0;
		};
/* End PBXHeadersBuildPhase section */

/* Begin PBXNativeTarget section */
		8DC2EF4F0486A6940098B216 /* QuartzCocoaLib */ = {
			isa = PBXNativeTarget;
			buildConfigurationList = 1DEB91AD08733DA50010E9CD /* Build configuration list for PBXNativeTarget "QuartzCocoaLib" */;
			buildPhases = (
				8DC2EF500486A6940098B216 /* Headers */,
				8DC2EF520486A6940098B216 /* Resources */,
				8DC2EF540486A6940098B216 /* Sources */,
				8DC2EF560486A6940098B216 /* Frameworks */,
			);
			buildRules = (
			);
			dependencies = (
			);
			name = QuartzCocoaLib;
			productInstallPath = "$(HOME)/Library/Frameworks";
			productName = QuartzCocoaLib;
			productReference = 8DC2EF5B0486A6940098B216 /* QuartzCocoaLib.framework */;
			productType = "com.apple.product-type.framework";
		};
/* End PBXNativeTarget section */

/* Begin PBXProject section */
		0867D690FE84028FC02AAC07 /* Project object */ = {
			isa = PBXProject;
			buildConfigurationList = 1DEB91B108733DA50010E9CD /* Build configuration list for PBXProject "QuartzCocoaLib" */;
			compatibilityVersion = "Xcode 3.1";
			hasScannedForEncodings = 1;
			mainGroup = 0867D691FE84028FC02AAC07 /* QuartzCocoaLib */;
			productRefGroup = 034768DFFF38A50411DB9C8B /* Products */;
			projectDirPath = "";
			projectRoot = "";
			targets = (
				8DC2EF4F0486A6940098B216 /* QuartzCocoaLib */,
			);
		};
/* End PBXProject section */

/* Begin PBXResourcesBuildPhase section */
		8DC2EF520486A6940098B216 /* Resources */ = {
			isa = PBXResourcesBuildPhase;
			buildActionMask = 2147483647;
			files = (
				8DC2EF530486A6940098B216 /* InfoPlist.strings in Resources */,
				6240A6811216570000840C1B /* README in Resources */,
			);
			runOnlyForDeploymentPostprocessing = 0;
		};
/* End PBXResourcesBuildPhase section */

/* Begin PBXSourcesBuildPhase section */
		8DC2EF540486A6940098B216 /* Sources */ = {
			isa = PBXSourcesBuildPhase;
			buildActionMask = 2147483647;
			files = (
				6240A6401216570000840C1B /* CTGradient.m in Sources */,
				6240A6421216570000840C1B /* PaintInstance.m in Sources */,
				6240A6441216570000840C1B /* PouredDroplet.m in Sources */,
				6240A6461216570000840C1B /* QAbstractContextModifier.m in Sources */,
				6240A6481216570000840C1B /* QArc.m in Sources */,
				6240A64A1216570000840C1B /* QBezierCurve.m in Sources */,
				6240A64C1216570000840C1B /* QBlendMode.m in Sources */,
				6240A64F1216570000840C1B /* QColor.m in Sources */,
				6240A6511216570000840C1B /* QContext.m in Sources */,
				6240A6551216570000840C1B /* QFillColor.m in Sources */,
				6240A6571216570000840C1B /* QFilledRectangle.m in Sources */,
				6240A6591216570000840C1B /* QFillPath.m in Sources */,
				6240A65C1216570000840C1B /* QImage.m in Sources */,
				6240A65E1216570000840C1B /* QJoinCap.m in Sources */,
				6240A6601216570000840C1B /* QLine.m in Sources */,
				6240A6621216570000840C1B /* QLineCap.m in Sources */,
				6240A6641216570000840C1B /* QModifierQueue.m in Sources */,
				6240A6661216570000840C1B /* QMove.m in Sources */,
				6240A6681216570000840C1B /* QPoint.m in Sources */,
				6240A66A1216570000840C1B /* QRectangle.m in Sources */,
				6240A66C1216570000840C1B /* QRestoreContext.m in Sources */,
				6240A66E1216570000840C1B /* QSaveContext.m in Sources */,
				6240A6701216570000840C1B /* QShadow.m in Sources */,
				6240A6721216570000840C1B /* QShape.m in Sources */,
				6240A6741216570000840C1B /* QStrokeColor.m in Sources */,
				6240A6761216570000840C1B /* QStrokedRectangle.m in Sources */,
				6240A6781216570000840C1B /* QStrokePath.m in Sources */,
				6240A67A1216570000840C1B /* QStrokeWidth.m in Sources */,
				6240A67C1216570000840C1B /* QTestYinYang.m in Sources */,
				6240A6851216570000840C1B /* Vector2D.m in Sources */,
			);
			runOnlyForDeploymentPostprocessing = 0;
		};
/* End PBXSourcesBuildPhase section */

/* Begin PBXVariantGroup section */
		089C1666FE841158C02AAC07 /* InfoPlist.strings */ = {
			isa = PBXVariantGroup;
			children = (
				089C1667FE841158C02AAC07 /* English */,
			);
			name = InfoPlist.strings;
			sourceTree = "<group>";
		};
/* End PBXVariantGroup section */

/* Begin XCBuildConfiguration section */
		1DEB91AE08733DA50010E9CD /* Debug */ = {
			isa = XCBuildConfiguration;
			buildSettings = {
				ALWAYS_SEARCH_USER_PATHS = NO;
				COPY_PHASE_STRIP = NO;
				DYLIB_COMPATIBILITY_VERSION = 1;
				DYLIB_CURRENT_VERSION = 1;
				FRAMEWORK_VERSION = A;
				GCC_DYNAMIC_NO_PIC = NO;
				GCC_ENABLE_FIX_AND_CONTINUE = YES;
				GCC_MODEL_TUNING = G5;
				GCC_OPTIMIZATION_LEVEL = 0;
				GCC_PRECOMPILE_PREFIX_HEADER = YES;
				GCC_PREFIX_HEADER = QuartzCocoaLib_Prefix.pch;
				INFOPLIST_FILE = Info.plist;
				INSTALL_PATH = "$(HOME)/Library/Frameworks";
				PRODUCT_NAME = QuartzCocoaLib;
				WRAPPER_EXTENSION = framework;
			};
			name = Debug;
		};
		1DEB91AF08733DA50010E9CD /* Release */ = {
			isa = XCBuildConfiguration;
			buildSettings = {
				ALWAYS_SEARCH_USER_PATHS = NO;
				DEBUG_INFORMATION_FORMAT = "dwarf-with-dsym";
				DYLIB_COMPATIBILITY_VERSION = 1;
				DYLIB_CURRENT_VERSION = 1;
				FRAMEWORK_VERSION = A;
				GCC_MODEL_TUNING = G5;
				GCC_PRECOMPILE_PREFIX_HEADER = YES;
				GCC_PREFIX_HEADER = QuartzCocoaLib_Prefix.pch;
				INFOPLIST_FILE = Info.plist;
				INSTALL_PATH = "$(HOME)/Library/Frameworks";
				PRODUCT_NAME = QuartzCocoaLib;
				WRAPPER_EXTENSION = framework;
			};
			name = Release;
		};
		1DEB91B208733DA50010E9CD /* Debug */ = {
			isa = XCBuildConfiguration;
			buildSettings = {
				ARCHS = "$(ARCHS_STANDARD_32_64_BIT)";
				GCC_C_LANGUAGE_STANDARD = gnu99;
				GCC_OPTIMIZATION_LEVEL = 0;
				GCC_WARN_ABOUT_RETURN_TYPE = YES;
				GCC_WARN_UNUSED_VARIABLE = YES;
				ONLY_ACTIVE_ARCH = YES;
				PREBINDING = NO;
				SDKROOT = macosx10.6;
			};
			name = Debug;
		};
		1DEB91B308733DA50010E9CD /* Release */ = {
			isa = XCBuildConfiguration;
			buildSettings = {
				ARCHS = "$(ARCHS_STANDARD_32_64_BIT)";
				GCC_C_LANGUAGE_STANDARD = gnu99;
				GCC_WARN_ABOUT_RETURN_TYPE = YES;
				GCC_WARN_UNUSED_VARIABLE = YES;
				PREBINDING = NO;
				SDKROOT = macosx10.6;
			};
			name = Release;
		};
/* End XCBuildConfiguration section */

/* Begin XCConfigurationList section */
		1DEB91AD08733DA50010E9CD /* Build configuration list for PBXNativeTarget "QuartzCocoaLib" */ = {
			isa = XCConfigurationList;
			buildConfigurations = (
				1DEB91AE08733DA50010E9CD /* Debug */,
				1DEB91AF08733DA50010E9CD /* Release */,
			);
			defaultConfigurationIsVisible = 0;
			defaultConfigurationName = Release;
		};
		1DEB91B108733DA50010E9CD /* Build configuration list for PBXProject "QuartzCocoaLib" */ = {
			isa = XCConfigurationList;
			buildConfigurations = (
				1DEB91B208733DA50010E9CD /* Debug */,
				1DEB91B308733DA50010E9CD /* Release */,
			);
			defaultConfigurationIsVisible = 0;
			defaultConfigurationName = Release;
		};
/* End XCConfigurationList section */
	};
	rootObject = 0867D690FE84028FC02AAC07 /* Project object */;
}
